// !$*UTF8*$!
{
	archiveVersion = 1;
	classes = {
	};
	objectVersion = 48;
	objects = {

/* Begin PBXBuildFile section */
		01CD22E31F6A6A1B00A15088 /* AppDelegate.swift in Sources */ = {isa = PBXBuildFile; fileRef = 01CD22E21F6A6A1B00A15088 /* AppDelegate.swift */; };
		01CD22E51F6A6A1B00A15088 /* ViewController.swift in Sources */ = {isa = PBXBuildFile; fileRef = 01CD22E41F6A6A1B00A15088 /* ViewController.swift */; };
		01CD22E81F6A6A1B00A15088 /* Main.storyboard in Resources */ = {isa = PBXBuildFile; fileRef = 01CD22E61F6A6A1B00A15088 /* Main.storyboard */; };
		01CD22EA1F6A6A1B00A15088 /* Assets.xcassets in Resources */ = {isa = PBXBuildFile; fileRef = 01CD22E91F6A6A1B00A15088 /* Assets.xcassets */; };
		01CD22ED1F6A6A1B00A15088 /* LaunchScreen.storyboard in Resources */ = {isa = PBXBuildFile; fileRef = 01CD22EB1F6A6A1B00A15088 /* LaunchScreen.storyboard */; };
		01CD22F81F6A6A1B00A15088 /* TumbViewTests.swift in Sources */ = {isa = PBXBuildFile; fileRef = 01CD22F71F6A6A1B00A15088 /* TumbViewTests.swift */; };
/* End PBXBuildFile section */

/* Begin PBXContainerItemProxy section */
		01CD22F41F6A6A1B00A15088 /* PBXContainerItemProxy */ = {
			isa = PBXContainerItemProxy;
			containerPortal = 01CD22D71F6A6A1B00A15088 /* Project object */;
			proxyType = 1;
			remoteGlobalIDString = 01CD22DE1F6A6A1B00A15088;
			remoteInfo = TumbView;
		};
/* End PBXContainerItemProxy section */

/* Begin PBXFileReference section */
		01CD22DF1F6A6A1B00A15088 /* TumbView.app */ = {isa = PBXFileReference; explicitFileType = wrapper.application; includeInIndex = 0; path = TumbView.app; sourceTree = BUILT_PRODUCTS_DIR; };
		01CD22E21F6A6A1B00A15088 /* AppDelegate.swift */ = {isa = PBXFileReference; lastKnownFileType = sourcecode.swift; path = AppDelegate.swift; sourceTree = "<group>"; };
		01CD22E41F6A6A1B00A15088 /* ViewController.swift */ = {isa = PBXFileReference; lastKnownFileType = sourcecode.swift; path = ViewController.swift; sourceTree = "<group>"; };
		01CD22E71F6A6A1B00A15088 /* Base */ = {isa = PBXFileReference; lastKnownFileType = file.storyboard; name = Base; path = Base.lproj/Main.storyboard; sourceTree = "<group>"; };
		01CD22E91F6A6A1B00A15088 /* Assets.xcassets */ = {isa = PBXFileReference; lastKnownFileType = folder.assetcatalog; path = Assets.xcassets; sourceTree = "<group>"; };
		01CD22EC1F6A6A1B00A15088 /* Base */ = {isa = PBXFileReference; lastKnownFileType = file.storyboard; name = Base; path = Base.lproj/LaunchScreen.storyboard; sourceTree = "<group>"; };
		01CD22EE1F6A6A1B00A15088 /* Info.plist */ = {isa = PBXFileReference; lastKnownFileType = text.plist.xml; path = Info.plist; sourceTree = "<group>"; };
		01CD22F31F6A6A1B00A15088 /* TumbViewTests.xctest */ = {isa = PBXFileReference; explicitFileType = wrapper.cfbundle; includeInIndex = 0; path = TumbViewTests.xctest; sourceTree = BUILT_PRODUCTS_DIR; };
		01CD22F71F6A6A1B00A15088 /* TumbViewTests.swift */ = {isa = PBXFileReference; lastKnownFileType = sourcecode.swift; path = TumbViewTests.swift; sourceTree = "<group>"; };
		01CD22F91F6A6A1B00A15088 /* Info.plist */ = {isa = PBXFileReference; lastKnownFileType = text.plist.xml; path = Info.plist; sourceTree = "<group>"; };
/* End PBXFileReference section */

/* Begin PBXFrameworksBuildPhase section */
		01CD22DC1F6A6A1B00A15088 /* Frameworks */ = {
			isa = PBXFrameworksBuildPhase;
			buildActionMask = 2147483647;
			files = (
			);
			runOnlyForDeploymentPostprocessing = 0;
		};
		01CD22F01F6A6A1B00A15088 /* Frameworks */ = {
			isa = PBXFrameworksBuildPhase;
			buildActionMask = 2147483647;
			files = (
			);
			runOnlyForDeploymentPostprocessing = 0;
		};
/* End PBXFrameworksBuildPhase section */

/* Begin PBXGroup section */
		01CD22D61F6A6A1B00A15088 = {
			isa = PBXGroup;
			children = (
				01CD22E11F6A6A1B00A15088 /* TumbView */,
				01CD22F61F6A6A1B00A15088 /* TumbViewTests */,
				01CD22E01F6A6A1B00A15088 /* Products */,
			);
			sourceTree = "<group>";
		};
		01CD22E01F6A6A1B00A15088 /* Products */ = {
			isa = PBXGroup;
			children = (
				01CD22DF1F6A6A1B00A15088 /* TumbView.app */,
				01CD22F31F6A6A1B00A15088 /* TumbViewTests.xctest */,
			);
			name = Products;
			sourceTree = "<group>";
		};
		01CD22E11F6A6A1B00A15088 /* TumbView */ = {
			isa = PBXGroup;
			children = (
				01CD22E21F6A6A1B00A15088 /* AppDelegate.swift */,
				01CD22E41F6A6A1B00A15088 /* ViewController.swift */,
				01CD22E61F6A6A1B00A15088 /* Main.storyboard */,
				01CD22E91F6A6A1B00A15088 /* Assets.xcassets */,
				01CD22EB1F6A6A1B00A15088 /* LaunchScreen.storyboard */,
				01CD22EE1F6A6A1B00A15088 /* Info.plist */,
			);
			path = TumbView;
			sourceTree = "<group>";
		};
		01CD22F61F6A6A1B00A15088 /* TumbViewTests */ = {
			isa = PBXGroup;
			children = (
				01CD22F71F6A6A1B00A15088 /* TumbViewTests.swift */,
				01CD22F91F6A6A1B00A15088 /* Info.plist */,
			);
			path = TumbViewTests;
			sourceTree = "<group>";
		};
/* End PBXGroup section */

/* Begin PBXNativeTarget section */
		01CD22DE1F6A6A1B00A15088 /* TumbView */ = {
			isa = PBXNativeTarget;
			buildConfigurationList = 01CD22FC1F6A6A1B00A15088 /* Build configuration list for PBXNativeTarget "TumbView" */;
			buildPhases = (
				01CD22DB1F6A6A1B00A15088 /* Sources */,
				01CD22DC1F6A6A1B00A15088 /* Frameworks */,
				01CD22DD1F6A6A1B00A15088 /* Resources */,
			);
			buildRules = (
			);
			dependencies = (
			);
			name = TumbView;
			productName = TumbView;
			productReference = 01CD22DF1F6A6A1B00A15088 /* TumbView.app */;
			productType = "com.apple.product-type.application";
		};
		01CD22F21F6A6A1B00A15088 /* TumbViewTests */ = {
			isa = PBXNativeTarget;
			buildConfigurationList = 01CD22FF1F6A6A1B00A15088 /* Build configuration list for PBXNativeTarget "TumbViewTests" */;
			buildPhases = (
				01CD22EF1F6A6A1B00A15088 /* Sources */,
				01CD22F01F6A6A1B00A15088 /* Frameworks */,
				01CD22F11F6A6A1B00A15088 /* Resources */,
			);
			buildRules = (
			);
			dependencies = (
				01CD22F51F6A6A1B00A15088 /* PBXTargetDependency */,
			);
			name = TumbViewTests;
			productName = TumbViewTests;
			productReference = 01CD22F31F6A6A1B00A15088 /* TumbViewTests.xctest */;
			productType = "com.apple.product-type.bundle.unit-test";
		};
/* End PBXNativeTarget section */

/* Begin PBXProject section */
		01CD22D71F6A6A1B00A15088 /* Project object */ = {
			isa = PBXProject;
			attributes = {
				LastSwiftUpdateCheck = 0900;
				LastUpgradeCheck = 0900;
				ORGANIZATIONNAME = "Nick Melnick";
				TargetAttributes = {
					01CD22DE1F6A6A1B00A15088 = {
						CreatedOnToolsVersion = 9.0;
						ProvisioningStyle = Automatic;
					};
					01CD22F21F6A6A1B00A15088 = {
						CreatedOnToolsVersion = 9.0;
						ProvisioningStyle = Automatic;
						TestTargetID = 01CD22DE1F6A6A1B00A15088;
					};
				};
			};
			buildConfigurationList = 01CD22DA1F6A6A1B00A15088 /* Build configuration list for PBXProject "TumbView" */;
			compatibilityVersion = "Xcode 8.0";
			developmentRegion = en;
			hasScannedForEncodings = 0;
			knownRegions = (
				en,
				Base,
			);
			mainGroup = 01CD22D61F6A6A1B00A15088;
			productRefGroup = 01CD22E01F6A6A1B00A15088 /* Products */;
			projectDirPath = "";
			projectRoot = "";
			targets = (
				01CD22DE1F6A6A1B00A15088 /* TumbView */,
				01CD22F21F6A6A1B00A15088 /* TumbViewTests */,
			);
		};
/* End PBXProject section */

/* Begin PBXResourcesBuildPhase section */
		01CD22DD1F6A6A1B00A15088 /* Resources */ = {
			isa = PBXResourcesBuildPhase;
			buildActionMask = 2147483647;
			files = (
				01CD22ED1F6A6A1B00A15088 /* LaunchScreen.storyboard in Resources */,
				01CD22EA1F6A6A1B00A15088 /* Assets.xcassets in Resources */,
				01CD22E81F6A6A1B00A15088 /* Main.storyboard in Resources */,
			);
			runOnlyForDeploymentPostprocessing = 0;
		};
		01CD22F11F6A6A1B00A15088 /* Resources */ = {
			isa = PBXResourcesBuildPhase;
			buildActionMask = 2147483647;
			files = (
			);
			runOnlyForDeploymentPostprocessing = 0;
		};
/* End PBXResourcesBuildPhase section */

/* Begin PBXSourcesBuildPhase section */
		01CD22DB1F6A6A1B00A15088 /* Sources */ = {
			isa = PBXSourcesBuildPhase;
			buildActionMask = 2147483647;
			files = (
				01CD22E51F6A6A1B00A15088 /* ViewController.swift in Sources */,
				01CD22E31F6A6A1B00A15088 /* AppDelegate.swift in Sources */,
			);
			runOnlyForDeploymentPostprocessing = 0;
		};
		01CD22EF1F6A6A1B00A15088 /* Sources */ = {
			isa = PBXSourcesBuildPhase;
			buildActionMask = 2147483647;
			files = (
				01CD22F81F6A6A1B00A15088 /* TumbViewTests.swift in Sources */,
			);
			runOnlyForDeploymentPostprocessing = 0;
		};
/* End PBXSourcesBuildPhase section */

/* Begin PBXTargetDependency section */
		01CD22F51F6A6A1B00A15088 /* PBXTargetDependency */ = {
			isa = PBXTargetDependency;
			target = 01CD22DE1F6A6A1B00A15088 /* TumbView */;
			targetProxy = 01CD22F41F6A6A1B00A15088 /* PBXContainerItemProxy */;
		};
/* End PBXTargetDependency section */

/* Begin PBXVariantGroup section */
		01CD22E61F6A6A1B00A15088 /* Main.storyboard */ = {
			isa = PBXVariantGroup;
			children = (
				01CD22E71F6A6A1B00A15088 /* Base */,
			);
			name = Main.storyboard;
			sourceTree = "<group>";
		};
		01CD22EB1F6A6A1B00A15088 /* LaunchScreen.storyboard */ = {
			isa = PBXVariantGroup;
			children = (
				01CD22EC1F6A6A1B00A15088 /* Base */,
			);
			name = LaunchScreen.storyboard;
			sourceTree = "<group>";
		};
/* End PBXVariantGroup section */

/* Begin XCBuildConfiguration section */
		01CD22FA1F6A6A1B00A15088 /* Debug */ = {
			isa = XCBuildConfiguration;
			buildSettings = {
				ALWAYS_SEARCH_USER_PATHS = NO;
				CLANG_ANALYZER_NONNULL = YES;
				CLANG_ANALYZER_NUMBER_OBJECT_CONVERSION = YES_AGGRESSIVE;
				CLANG_CXX_LANGUAGE_STANDARD = "gnu++14";
				CLANG_CXX_LIBRARY = "libc++";
				CLANG_ENABLE_MODULES = YES;
				CLANG_ENABLE_OBJC_ARC = YES;
				CLANG_WARN_BLOCK_CAPTURE_AUTORELEASING = YES;
				CLANG_WARN_BOOL_CONVERSION = YES;
				CLANG_WARN_COMMA = YES;
				CLANG_WARN_CONSTANT_CONVERSION = YES;
				CLANG_WARN_DIRECT_OBJC_ISA_USAGE = YES_ERROR;
				CLANG_WARN_DOCUMENTATION_COMMENTS = YES;
				CLANG_WARN_EMPTY_BODY = YES;
				CLANG_WARN_ENUM_CONVERSION = YES;
				CLANG_WARN_INFINITE_RECURSION = YES;
				CLANG_WARN_INT_CONVERSION = YES;
				CLANG_WARN_NON_LITERAL_NULL_CONVERSION = YES;
				CLANG_WARN_OBJC_LITERAL_CONVERSION = YES;
				CLANG_WARN_OBJC_ROOT_CLASS = YES_ERROR;
				CLANG_WARN_RANGE_LOOP_ANALYSIS = YES;
				CLANG_WARN_STRICT_PROTOTYPES = YES;
				CLANG_WARN_SUSPICIOUS_MOVE = YES;
				CLANG_WARN_UNGUARDED_AVAILABILITY = YES_AGGRESSIVE;
				CLANG_WARN_UNREACHABLE_CODE = YES;
				CLANG_WARN__DUPLICATE_METHOD_MATCH = YES;
				CODE_SIGN_IDENTITY = "iPhone Developer";
				COPY_PHASE_STRIP = NO;
				DEBUG_INFORMATION_FORMAT = dwarf;
				ENABLE_STRICT_OBJC_MSGSEND = YES;
				ENABLE_TESTABILITY = YES;
				GCC_C_LANGUAGE_STANDARD = gnu11;
				GCC_DYNAMIC_NO_PIC = NO;
				GCC_NO_COMMON_BLOCKS = YES;
				GCC_OPTIMIZATION_LEVEL = 0;
				GCC_PREPROCESSOR_DEFINITIONS = (
					"DEBUG=1",
					"$(inherited)",
				);
				GCC_WARN_64_TO_32_BIT_CONVERSION = YES;
				GCC_WARN_ABOUT_RETURN_TYPE = YES_ERROR;
				GCC_WARN_UNDECLARED_SELECTOR = YES;
				GCC_WARN_UNINITIALIZED_AUTOS = YES_AGGRESSIVE;
				GCC_WARN_UNUSED_FUNCTION = YES;
				GCC_WARN_UNUSED_VARIABLE = YES;
				IPHONEOS_DEPLOYMENT_TARGET = 11.0;
				MTL_ENABLE_DEBUG_INFO = YES;
				ONLY_ACTIVE_ARCH = YES;
				SDKROOT = iphoneos;
				SWIFT_ACTIVE_COMPILATION_CONDITIONS = DEBUG;
				SWIFT_OPTIMIZATION_LEVEL = "-Onone";
			};
			name = Debug;
		};
		01CD22FB1F6A6A1B00A15088 /* Release */ = {
			isa = XCBuildConfiguration;
			buildSettings = {
				ALWAYS_SEARCH_USER_PATHS = NO;
				CLANG_ANALYZER_NONNULL = YES;
				CLANG_ANALYZER_NUMBER_OBJECT_CONVERSION = YES_AGGRESSIVE;
				CLANG_CXX_LANGUAGE_STANDARD = "gnu++14";
				CLANG_CXX_LIBRARY = "libc++";
				CLANG_ENABLE_MODULES = YES;
				CLANG_ENABLE_OBJC_ARC = YES;
				CLANG_WARN_BLOCK_CAPTURE_AUTORELEASING = YES;
				CLANG_WARN_BOOL_CONVERSION = YES;
				CLANG_WARN_COMMA = YES;
				CLANG_WARN_CONSTANT_CONVERSION = YES;
				CLANG_WARN_DIRECT_OBJC_ISA_USAGE = YES_ERROR;
				CLANG_WARN_DOCUMENTATION_COMMENTS = YES;
				CLANG_WARN_EMPTY_BODY = YES;
				CLANG_WARN_ENUM_CONVERSION = YES;
				CLANG_WARN_INFINITE_RECURSION = YES;
				CLANG_WARN_INT_CONVERSION = YES;
				CLANG_WARN_NON_LITERAL_NULL_CONVERSION = YES;
				CLANG_WARN_OBJC_LITERAL_CONVERSION = YES;
				CLANG_WARN_OBJC_ROOT_CLASS = YES_ERROR;
				CLANG_WARN_RANGE_LOOP_ANALYSIS = YES;
				CLANG_WARN_STRICT_PROTOTYPES = YES;
				CLANG_WARN_SUSPICIOUS_MOVE = YES;
				CLANG_WARN_UNGUARDED_AVAILABILITY = YES_AGGRESSIVE;
				CLANG_WARN_UNREACHABLE_CODE = YES;
				CLANG_WARN__DUPLICATE_METHOD_MATCH = YES;
				CODE_SIGN_IDENTITY = "iPhone Developer";
				COPY_PHASE_STRIP = NO;
				DEBUG_INFORMATION_FORMAT = "dwarf-with-dsym";
				ENABLE_NS_ASSERTIONS = NO;
				ENABLE_STRICT_OBJC_MSGSEND = YES;
				GCC_C_LANGUAGE_STANDARD = gnu11;
				GCC_NO_COMMON_BLOCKS = YES;
				GCC_WARN_64_TO_32_BIT_CONVERSION = YES;
				GCC_WARN_ABOUT_RETURN_TYPE = YES_ERROR;
				GCC_WARN_UNDECLARED_SELECTOR = YES;
				GCC_WARN_UNINITIALIZED_AUTOS = YES_AGGRESSIVE;
				GCC_WARN_UNUSED_FUNCTION = YES;
				GCC_WARN_UNUSED_VARIABLE = YES;
				IPHONEOS_DEPLOYMENT_TARGET = 11.0;
				MTL_ENABLE_DEBUG_INFO = NO;
				SDKROOT = iphoneos;
				SWIFT_OPTIMIZATION_LEVEL = "-Owholemodule";
				VALIDATE_PRODUCT = YES;
			};
			name = Release;
		};
		01CD22FD1F6A6A1B00A15088 /* Debug */ = {
			isa = XCBuildConfiguration;
			buildSettings = {
				ASSETCATALOG_COMPILER_APPICON_NAME = AppIcon;
				CODE_SIGN_STYLE = Automatic;
				DEVELOPMENT_TEAM = 54UHPZ7HH4;
				INFOPLIST_FILE = TumbView/Info.plist;
				LD_RUNPATH_SEARCH_PATHS = "$(inherited) @executable_path/Frameworks";
				PRODUCT_BUNDLE_IDENTIFIER = com.nickmelnick.TumbView;
				PRODUCT_NAME = "$(TARGET_NAME)";
				SWIFT_VERSION = 4.0;
				TARGETED_DEVICE_FAMILY = "1,2";
			};
			name = Debug;
		};
		01CD22FE1F6A6A1B00A15088 /* Release */ = {
			isa = XCBuildConfiguration;
			buildSettings = {
				ASSETCATALOG_COMPILER_APPICON_NAME = AppIcon;
				CODE_SIGN_STYLE = Automatic;
				DEVELOPMENT_TEAM = 54UHPZ7HH4;
				INFOPLIST_FILE = TumbView/Info.plist;
				LD_RUNPATH_SEARCH_PATHS = "$(inherited) @executable_path/Frameworks";
				PRODUCT_BUNDLE_IDENTIFIER = com.nickmelnick.TumbView;
				PRODUCT_NAME = "$(TARGET_NAME)";
				SWIFT_VERSION = 4.0;
				TARGETED_DEVICE_FAMILY = "1,2";
			};
			name = Release;
		};
		01CD23001F6A6A1B00A15088 /* Debug */ = {
			isa = XCBuildConfiguration;
			buildSettings = {
				ALWAYS_EMBED_SWIFT_STANDARD_LIBRARIES = YES;
				BUNDLE_LOADER = "$(TEST_HOST)";
				CODE_SIGN_STYLE = Automatic;
				DEVELOPMENT_TEAM = 54UHPZ7HH4;
				INFOPLIST_FILE = TumbViewTests/Info.plist;
				LD_RUNPATH_SEARCH_PATHS = "$(inherited) @executable_path/Frameworks @loader_path/Frameworks";
				PRODUCT_BUNDLE_IDENTIFIER = com.nickmelnick.TumbViewTests;
				PRODUCT_NAME = "$(TARGET_NAME)";
				SWIFT_VERSION = 4.0;
				TARGETED_DEVICE_FAMILY = "1,2";
				TEST_HOST = "$(BUILT_PRODUCTS_DIR)/TumbView.app/TumbView";
			};
			name = Debug;
		};
		01CD23011F6A6A1B00A15088 /* Release */ = {
			isa = XCBuildConfiguration;
			buildSettings = {
				ALWAYS_EMBED_SWIFT_STANDARD_LIBRARIES = YES;
				BUNDLE_LOADER = "$(TEST_HOST)";
				CODE_SIGN_STYLE = Automatic;
				DEVELOPMENT_TEAM = 54UHPZ7HH4;
				INFOPLIST_FILE = TumbViewTests/Info.plist;
				LD_RUNPATH_SEARCH_PATHS = "$(inherited) @executable_path/Frameworks @loader_path/Frameworks";
				PRODUCT_BUNDLE_IDENTIFIER = com.nickmelnick.TumbViewTests;
				PRODUCT_NAME = "$(TARGET_NAME)";
				SWIFT_VERSION = 4.0;
				TARGETED_DEVICE_FAMILY = "1,2";
				TEST_HOST = "$(BUILT_PRODUCTS_DIR)/TumbView.app/TumbView";
			};
			name = Release;
		};
/* End XCBuildConfiguration section */

/* Begin XCConfigurationList section */
		01CD22DA1F6A6A1B00A15088 /* Build configuration list for PBXProject "TumbView" */ = {
			isa = XCConfigurationList;
			buildConfigurations = (
				01CD22FA1F6A6A1B00A15088 /* Debug */,
				01CD22FB1F6A6A1B00A15088 /* Release */,
			);
			defaultConfigurationIsVisible = 0;
			defaultConfigurationName = Release;
		};
		01CD22FC1F6A6A1B00A15088 /* Build configuration list for PBXNativeTarget "TumbView" */ = {
			isa = XCConfigurationList;
			buildConfigurations = (
				01CD22FD1F6A6A1B00A15088 /* Debug */,
				01CD22FE1F6A6A1B00A15088 /* Release */,
			);
			defaultConfigurationIsVisible = 0;
			defaultConfigurationName = Release;
		};
		01CD22FF1F6A6A1B00A15088 /* Build configuration list for PBXNativeTarget "TumbViewTests" */ = {
			isa = XCConfigurationList;
			buildConfigurations = (
				01CD23001F6A6A1B00A15088 /* Debug */,
				01CD23011F6A6A1B00A15088 /* Release */,
			);
			defaultConfigurationIsVisible = 0;
			defaultConfigurationName = Release;
		};
/* End XCConfigurationList section */
	};
	rootObject = 01CD22D71F6A6A1B00A15088 /* Project object */;
}
